
Microsoft Visual Studio Solution File, Format Version 12.00
# Visual Studio 2013
VisualStudioVersion = 12.0.21005.1
MinimumVisualStudioVersion = 10.0.40219.1
Project("{FAE04EC0-301F-11D3-BF4B-00C04F79EFBC}") = "Veterinario", "Veterinario\Veterinario.csproj", "{FD9BC630-6209-4937-88DC-F4A39E084D2E}"
EndProject
Project("{FAE04EC0-301F-11D3-BF4B-00C04F79EFBC}") = "Interface", "Interface\Interface.csproj", "{79547A80-8972-4D3A-BB16-33760F5F5085}"
EndProject
Global
	GlobalSection(SolutionConfigurationPlatforms) = preSolution
		Debug|Any CPU = Debug|Any CPU
		Release|Any CPU = Release|Any CPU
	EndGlobalSection
	GlobalSection(ProjectConfigurationPlatforms) = postSolution
		{FD9BC630-6209-4937-88DC-F4A39E084D2E}.Debug|Any CPU.ActiveCfg = Debug|Any CPU
		{FD9BC630-6209-4937-88DC-F4A39E084D2E}.Debug|Any CPU.Build.0 = Debug|Any CPU
		{FD9BC630-6209-4937-88DC-F4A39E084D2E}.Release|Any CPU.ActiveCfg = Release|Any CPU
		{FD9BC630-6209-4937-88DC-F4A39E084D2E}.Release|Any CPU.Build.0 = Release|Any CPU
		{79547A80-8972-4D3A-BB16-33760F5F5085}.Debug|Any CPU.ActiveCfg = Debug|Any CPU
		{79547A80-8972-4D3A-BB16-33760F5F5085}.Debug|Any CPU.Build.0 = Debug|Any CPU
		{79547A80-8972-4D3A-BB16-33760F5F5085}.Release|Any CPU.ActiveCfg = Release|Any CPU
		{79547A80-8972-4D3A-BB16-33760F5F5085}.Release|Any CPU.Build.0 = Release|Any CPU
	EndGlobalSection
	GlobalSection(SolutionProperties) = preSolution
		HideSolutionNode = FALSE
	EndGlobalSection
EndGlobal
